// !$*UTF8*$!
{
	archiveVersion = 1;
	classes = {
	};
	objectVersion = 46;
	objects = {

/* Begin PBXBuildFile section */
		B424077BA4415D9263A07A94 /* libPods-KHCleanTableViewController.a in Frameworks */ = {isa = PBXBuildFile; fileRef = BA991A40BD286B58D022D11F /* libPods-KHCleanTableViewController.a */; };
		B476D4D119DE620B00AAF39E /* CellFactory1.m in Sources */ = {isa = PBXBuildFile; fileRef = B476D4D019DE620B00AAF39E /* CellFactory1.m */; };
		B476D4D419DE886D00AAF39E /* CustomCellA.m in Sources */ = {isa = PBXBuildFile; fileRef = B476D4D319DE886D00AAF39E /* CustomCellA.m */; };
		B476D4D619DE888100AAF39E /* CustomCellA.xib in Resources */ = {isa = PBXBuildFile; fileRef = B476D4D519DE888100AAF39E /* CustomCellA.xib */; };
		B476D4DA19DE910900AAF39E /* KHImageSectionModel.m in Sources */ = {isa = PBXBuildFile; fileRef = B476D4D919DE910900AAF39E /* KHImageSectionModel.m */; };
		B485BD1019DD473200429F62 /* main.m in Sources */ = {isa = PBXBuildFile; fileRef = B485BD0F19DD473200429F62 /* main.m */; };
		B485BD1319DD473200429F62 /* AppDelegate.m in Sources */ = {isa = PBXBuildFile; fileRef = B485BD1219DD473200429F62 /* AppDelegate.m */; };
		B485BD1619DD473200429F62 /* ViewController.m in Sources */ = {isa = PBXBuildFile; fileRef = B485BD1519DD473200429F62 /* ViewController.m */; };
		B485BD1B19DD473200429F62 /* Images.xcassets in Resources */ = {isa = PBXBuildFile; fileRef = B485BD1A19DD473200429F62 /* Images.xcassets */; };
		B485BD1E19DD473200429F62 /* LaunchScreen.xib in Resources */ = {isa = PBXBuildFile; fileRef = B485BD1C19DD473200429F62 /* LaunchScreen.xib */; };
		B485BD2A19DD473200429F62 /* KHCleanTableViewControllerTests.m in Sources */ = {isa = PBXBuildFile; fileRef = B485BD2919DD473200429F62 /* KHCleanTableViewControllerTests.m */; };
		B485BD3419DD483B00429F62 /* ViewController.xib in Resources */ = {isa = PBXBuildFile; fileRef = B485BD3319DD483B00429F62 /* ViewController.xib */; };
		B485BD3B19DD49D700429F62 /* TableController.m in Sources */ = {isa = PBXBuildFile; fileRef = B485BD3A19DD49D700429F62 /* TableController.m */; };
		B485BD4319DD4E4500429F62 /* BasicTableViewModel.m in Sources */ = {isa = PBXBuildFile; fileRef = B485BD4219DD4E4500429F62 /* BasicTableViewModel.m */; };
		B485BD4619DD657E00429F62 /* KHBasicSectionModel.m in Sources */ = {isa = PBXBuildFile; fileRef = B485BD4519DD657E00429F62 /* KHBasicSectionModel.m */; };
		B4C59C8519E06839001384E2 /* KHLoadMoreSection.m in Sources */ = {isa = PBXBuildFile; fileRef = B4C59C8419E06839001384E2 /* KHLoadMoreSection.m */; };
		B4C59C8919E06E1E001384E2 /* KHLoadMoreTableViewCell.m in Sources */ = {isa = PBXBuildFile; fileRef = B4C59C8719E06E1E001384E2 /* KHLoadMoreTableViewCell.m */; };
		B4C59C8A19E06E1E001384E2 /* KHLoadMoreTableViewCell.xib in Resources */ = {isa = PBXBuildFile; fileRef = B4C59C8819E06E1E001384E2 /* KHLoadMoreTableViewCell.xib */; };
/* End PBXBuildFile section */

/* Begin PBXContainerItemProxy section */
		B485BD2419DD473200429F62 /* PBXContainerItemProxy */ = {
			isa = PBXContainerItemProxy;
			containerPortal = B485BD0219DD473200429F62 /* Project object */;
			proxyType = 1;
			remoteGlobalIDString = B485BD0919DD473200429F62;
			remoteInfo = KHCleanTableViewController;
		};
/* End PBXContainerItemProxy section */

/* Begin PBXFileReference section */
		67719FBD42C2025CC6E7F353 /* Pods-KHCleanTableViewController.debug.xcconfig */ = {isa = PBXFileReference; includeInIndex = 1; lastKnownFileType = text.xcconfig; name = "Pods-KHCleanTableViewController.debug.xcconfig"; path = "Pods/Target Support Files/Pods-KHCleanTableViewController/Pods-KHCleanTableViewController.debug.xcconfig"; sourceTree = "<group>"; };
		8209205EC5E0D2A49FA6C1C5 /* Pods-KHCleanTableViewController.release.xcconfig */ = {isa = PBXFileReference; includeInIndex = 1; lastKnownFileType = text.xcconfig; name = "Pods-KHCleanTableViewController.release.xcconfig"; path = "Pods/Target Support Files/Pods-KHCleanTableViewController/Pods-KHCleanTableViewController.release.xcconfig"; sourceTree = "<group>"; };
		B476D4CF19DE620B00AAF39E /* CellFactory1.h */ = {isa = PBXFileReference; fileEncoding = 4; lastKnownFileType = sourcecode.c.h; path = CellFactory1.h; sourceTree = "<group>"; };
		B476D4D019DE620B00AAF39E /* CellFactory1.m */ = {isa = PBXFileReference; fileEncoding = 4; lastKnownFileType = sourcecode.c.objc; path = CellFactory1.m; sourceTree = "<group>"; };
		B476D4D219DE886D00AAF39E /* CustomCellA.h */ = {isa = PBXFileReference; fileEncoding = 4; lastKnownFileType = sourcecode.c.h; path = CustomCellA.h; sourceTree = "<group>"; };
		B476D4D319DE886D00AAF39E /* CustomCellA.m */ = {isa = PBXFileReference; fileEncoding = 4; lastKnownFileType = sourcecode.c.objc; path = CustomCellA.m; sourceTree = "<group>"; };
		B476D4D519DE888100AAF39E /* CustomCellA.xib */ = {isa = PBXFileReference; fileEncoding = 4; lastKnownFileType = file.xib; path = CustomCellA.xib; sourceTree = "<group>"; };
		B476D4D719DE904E00AAF39E /* KHCellProtocol.h */ = {isa = PBXFileReference; fileEncoding = 4; lastKnownFileType = sourcecode.c.h; path = KHCellProtocol.h; sourceTree = "<group>"; };
		B476D4D819DE910900AAF39E /* KHImageSectionModel.h */ = {isa = PBXFileReference; fileEncoding = 4; lastKnownFileType = sourcecode.c.h; path = KHImageSectionModel.h; sourceTree = "<group>"; };
		B476D4D919DE910900AAF39E /* KHImageSectionModel.m */ = {isa = PBXFileReference; fileEncoding = 4; lastKnownFileType = sourcecode.c.objc; path = KHImageSectionModel.m; sourceTree = "<group>"; };
		B485BD0A19DD473200429F62 /* KHCleanTableViewController.app */ = {isa = PBXFileReference; explicitFileType = wrapper.application; includeInIndex = 0; path = KHCleanTableViewController.app; sourceTree = BUILT_PRODUCTS_DIR; };
		B485BD0E19DD473200429F62 /* Info.plist */ = {isa = PBXFileReference; lastKnownFileType = text.plist.xml; path = Info.plist; sourceTree = "<group>"; };
		B485BD0F19DD473200429F62 /* main.m */ = {isa = PBXFileReference; lastKnownFileType = sourcecode.c.objc; path = main.m; sourceTree = "<group>"; };
		B485BD1119DD473200429F62 /* AppDelegate.h */ = {isa = PBXFileReference; lastKnownFileType = sourcecode.c.h; path = AppDelegate.h; sourceTree = "<group>"; };
		B485BD1219DD473200429F62 /* AppDelegate.m */ = {isa = PBXFileReference; lastKnownFileType = sourcecode.c.objc; path = AppDelegate.m; sourceTree = "<group>"; };
		B485BD1419DD473200429F62 /* ViewController.h */ = {isa = PBXFileReference; lastKnownFileType = sourcecode.c.h; path = ViewController.h; sourceTree = "<group>"; };
		B485BD1519DD473200429F62 /* ViewController.m */ = {isa = PBXFileReference; lastKnownFileType = sourcecode.c.objc; path = ViewController.m; sourceTree = "<group>"; };
		B485BD1A19DD473200429F62 /* Images.xcassets */ = {isa = PBXFileReference; lastKnownFileType = folder.assetcatalog; path = Images.xcassets; sourceTree = "<group>"; };
		B485BD1D19DD473200429F62 /* Base */ = {isa = PBXFileReference; lastKnownFileType = file.xib; name = Base; path = Base.lproj/LaunchScreen.xib; sourceTree = "<group>"; };
		B485BD2319DD473200429F62 /* KHCleanTableViewControllerTests.xctest */ = {isa = PBXFileReference; explicitFileType = wrapper.cfbundle; includeInIndex = 0; path = KHCleanTableViewControllerTests.xctest; sourceTree = BUILT_PRODUCTS_DIR; };
		B485BD2819DD473200429F62 /* Info.plist */ = {isa = PBXFileReference; lastKnownFileType = text.plist.xml; path = Info.plist; sourceTree = "<group>"; };
		B485BD2919DD473200429F62 /* KHCleanTableViewControllerTests.m */ = {isa = PBXFileReference; lastKnownFileType = sourcecode.c.objc; path = KHCleanTableViewControllerTests.m; sourceTree = "<group>"; };
		B485BD3319DD483B00429F62 /* ViewController.xib */ = {isa = PBXFileReference; fileEncoding = 4; lastKnownFileType = file.xib; path = ViewController.xib; sourceTree = "<group>"; };
		B485BD3919DD49D700429F62 /* TableController.h */ = {isa = PBXFileReference; fileEncoding = 4; lastKnownFileType = sourcecode.c.h; path = TableController.h; sourceTree = "<group>"; };
		B485BD3A19DD49D700429F62 /* TableController.m */ = {isa = PBXFileReference; fileEncoding = 4; lastKnownFileType = sourcecode.c.objc; path = TableController.m; sourceTree = "<group>"; };
		B485BD3C19DD4ACC00429F62 /* KHTableViewModel.h */ = {isa = PBXFileReference; fileEncoding = 4; lastKnownFileType = sourcecode.c.h; path = KHTableViewModel.h; sourceTree = "<group>"; };
		B485BD3D19DD4B8F00429F62 /* KHTableViewSectionModel.h */ = {isa = PBXFileReference; fileEncoding = 4; lastKnownFileType = sourcecode.c.h; path = KHTableViewSectionModel.h; sourceTree = "<group>"; };
		B485BD3E19DD4CBC00429F62 /* KHTableViewCellFactoryProtocol.h */ = {isa = PBXFileReference; fileEncoding = 4; lastKnownFileType = sourcecode.c.h; path = KHTableViewCellFactoryProtocol.h; sourceTree = "<group>"; };
		B485BD4019DD4D8800429F62 /* TableViewSectionFactoryProtocol.h */ = {isa = PBXFileReference; fileEncoding = 4; lastKnownFileType = sourcecode.c.h; path = TableViewSectionFactoryProtocol.h; sourceTree = "<group>"; };
		B485BD4119DD4E4500429F62 /* BasicTableViewModel.h */ = {isa = PBXFileReference; fileEncoding = 4; lastKnownFileType = sourcecode.c.h; path = BasicTableViewModel.h; sourceTree = "<group>"; };
		B485BD4219DD4E4500429F62 /* BasicTableViewModel.m */ = {isa = PBXFileReference; fileEncoding = 4; lastKnownFileType = sourcecode.c.objc; path = BasicTableViewModel.m; sourceTree = "<group>"; };
		B485BD4419DD657E00429F62 /* KHBasicSectionModel.h */ = {isa = PBXFileReference; fileEncoding = 4; lastKnownFileType = sourcecode.c.h; path = KHBasicSectionModel.h; sourceTree = "<group>"; };
		B485BD4519DD657E00429F62 /* KHBasicSectionModel.m */ = {isa = PBXFileReference; fileEncoding = 4; lastKnownFileType = sourcecode.c.objc; path = KHBasicSectionModel.m; sourceTree = "<group>"; };
		B4C59C8319E06839001384E2 /* KHLoadMoreSection.h */ = {isa = PBXFileReference; fileEncoding = 4; lastKnownFileType = sourcecode.c.h; path = KHLoadMoreSection.h; sourceTree = "<group>"; };
		B4C59C8419E06839001384E2 /* KHLoadMoreSection.m */ = {isa = PBXFileReference; fileEncoding = 4; lastKnownFileType = sourcecode.c.objc; path = KHLoadMoreSection.m; sourceTree = "<group>"; };
		B4C59C8619E06E1E001384E2 /* KHLoadMoreTableViewCell.h */ = {isa = PBXFileReference; fileEncoding = 4; lastKnownFileType = sourcecode.c.h; path = KHLoadMoreTableViewCell.h; sourceTree = "<group>"; };
		B4C59C8719E06E1E001384E2 /* KHLoadMoreTableViewCell.m */ = {isa = PBXFileReference; fileEncoding = 4; lastKnownFileType = sourcecode.c.objc; path = KHLoadMoreTableViewCell.m; sourceTree = "<group>"; };
		B4C59C8819E06E1E001384E2 /* KHLoadMoreTableViewCell.xib */ = {isa = PBXFileReference; fileEncoding = 4; lastKnownFileType = file.xib; path = KHLoadMoreTableViewCell.xib; sourceTree = "<group>"; };
		BA991A40BD286B58D022D11F /* libPods-KHCleanTableViewController.a */ = {isa = PBXFileReference; explicitFileType = archive.ar; includeInIndex = 0; path = "libPods-KHCleanTableViewController.a"; sourceTree = BUILT_PRODUCTS_DIR; };
/* End PBXFileReference section */

/* Begin PBXFrameworksBuildPhase section */
		B485BD0719DD473200429F62 /* Frameworks */ = {
			isa = PBXFrameworksBuildPhase;
			buildActionMask = 2147483647;
			files = (
				B424077BA4415D9263A07A94 /* libPods-KHCleanTableViewController.a in Frameworks */,
			);
			runOnlyForDeploymentPostprocessing = 0;
		};
		B485BD2019DD473200429F62 /* Frameworks */ = {
			isa = PBXFrameworksBuildPhase;
			buildActionMask = 2147483647;
			files = (
			);
			runOnlyForDeploymentPostprocessing = 0;
		};
/* End PBXFrameworksBuildPhase section */

/* Begin PBXGroup section */
		B485BD0119DD473200429F62 = {
			isa = PBXGroup;
			children = (
				B485BD0C19DD473200429F62 /* KHCleanTableViewController */,
				B485BD2619DD473200429F62 /* KHCleanTableViewControllerTests */,
				B485BD0B19DD473200429F62 /* Products */,
				BB2114AB0EA19BE103B76804 /* Pods */,
				B7AAF259E0952AF7F4A163EF /* Frameworks */,
			);
			sourceTree = "<group>";
		};
		B485BD0B19DD473200429F62 /* Products */ = {
			isa = PBXGroup;
			children = (
				B485BD0A19DD473200429F62 /* KHCleanTableViewController.app */,
				B485BD2319DD473200429F62 /* KHCleanTableViewControllerTests.xctest */,
			);
			name = Products;
			sourceTree = "<group>";
		};
		B485BD0C19DD473200429F62 /* KHCleanTableViewController */ = {
			isa = PBXGroup;
			children = (
				B485BD3F19DD4D6C00429F62 /* TableViewSectionFactory */,
				B485BD3519DD497C00429F62 /* TableController */,
				B485BD3719DD499E00429F62 /* TableViewModel */,
				B485BD3619DD498C00429F62 /* TableViewCellFactory */,
				B485BD3819DD49AE00429F62 /* TableViewSectionModel */,
				B485BD1119DD473200429F62 /* AppDelegate.h */,
				B485BD1219DD473200429F62 /* AppDelegate.m */,
				B476D4D219DE886D00AAF39E /* CustomCellA.h */,
				B476D4D319DE886D00AAF39E /* CustomCellA.m */,
				B476D4D519DE888100AAF39E /* CustomCellA.xib */,
				B4C59C8619E06E1E001384E2 /* KHLoadMoreTableViewCell.h */,
				B4C59C8719E06E1E001384E2 /* KHLoadMoreTableViewCell.m */,
				B4C59C8819E06E1E001384E2 /* KHLoadMoreTableViewCell.xib */,
				B485BD1419DD473200429F62 /* ViewController.h */,
				B485BD1519DD473200429F62 /* ViewController.m */,
				B485BD3319DD483B00429F62 /* ViewController.xib */,
				B485BD1A19DD473200429F62 /* Images.xcassets */,
				B485BD1C19DD473200429F62 /* LaunchScreen.xib */,
				B485BD0D19DD473200429F62 /* Supporting Files */,
			);
			path = KHCleanTableViewController;
			sourceTree = "<group>";
		};
		B485BD0D19DD473200429F62 /* Supporting Files */ = {
			isa = PBXGroup;
			children = (
				B485BD0E19DD473200429F62 /* Info.plist */,
				B485BD0F19DD473200429F62 /* main.m */,
			);
			name = "Supporting Files";
			sourceTree = "<group>";
		};
		B485BD2619DD473200429F62 /* KHCleanTableViewControllerTests */ = {
			isa = PBXGroup;
			children = (
				B485BD2919DD473200429F62 /* KHCleanTableViewControllerTests.m */,
				B485BD2719DD473200429F62 /* Supporting Files */,
			);
			path = KHCleanTableViewControllerTests;
			sourceTree = "<group>";
		};
		B485BD2719DD473200429F62 /* Supporting Files */ = {
			isa = PBXGroup;
			children = (
				B485BD2819DD473200429F62 /* Info.plist */,
			);
			name = "Supporting Files";
			sourceTree = "<group>";
		};
		B485BD3519DD497C00429F62 /* TableController */ = {
			isa = PBXGroup;
			children = (
				B485BD3919DD49D700429F62 /* TableController.h */,
				B485BD3A19DD49D700429F62 /* TableController.m */,
			);
			path = TableController;
			sourceTree = "<group>";
		};
		B485BD3619DD498C00429F62 /* TableViewCellFactory */ = {
			isa = PBXGroup;
			children = (
				B485BD3E19DD4CBC00429F62 /* KHTableViewCellFactoryProtocol.h */,
				B476D4D719DE904E00AAF39E /* KHCellProtocol.h */,
				B476D4CF19DE620B00AAF39E /* CellFactory1.h */,
				B476D4D019DE620B00AAF39E /* CellFactory1.m */,
			);
			path = TableViewCellFactory;
			sourceTree = "<group>";
		};
		B485BD3719DD499E00429F62 /* TableViewModel */ = {
			isa = PBXGroup;
			children = (
				B485BD3C19DD4ACC00429F62 /* KHTableViewModel.h */,
				B485BD4119DD4E4500429F62 /* BasicTableViewModel.h */,
				B485BD4219DD4E4500429F62 /* BasicTableViewModel.m */,
			);
			path = TableViewModel;
			sourceTree = "<group>";
		};
		B485BD3819DD49AE00429F62 /* TableViewSectionModel */ = {
			isa = PBXGroup;
			children = (
				B485BD3D19DD4B8F00429F62 /* KHTableViewSectionModel.h */,
				B485BD4419DD657E00429F62 /* KHBasicSectionModel.h */,
				B485BD4519DD657E00429F62 /* KHBasicSectionModel.m */,
				B476D4D819DE910900AAF39E /* KHImageSectionModel.h */,
				B476D4D919DE910900AAF39E /* KHImageSectionModel.m */,
				B4C59C8319E06839001384E2 /* KHLoadMoreSection.h */,
				B4C59C8419E06839001384E2 /* KHLoadMoreSection.m */,
			);
			path = TableViewSectionModel;
			sourceTree = "<group>";
		};
		B485BD3F19DD4D6C00429F62 /* TableViewSectionFactory */ = {
			isa = PBXGroup;
			children = (
				B485BD4019DD4D8800429F62 /* TableViewSectionFactoryProtocol.h */,
			);
			path = TableViewSectionFactory;
			sourceTree = "<group>";
		};
		B7AAF259E0952AF7F4A163EF /* Frameworks */ = {
			isa = PBXGroup;
			children = (
				BA991A40BD286B58D022D11F /* libPods-KHCleanTableViewController.a */,
			);
			name = Frameworks;
			sourceTree = "<group>";
		};
		BB2114AB0EA19BE103B76804 /* Pods */ = {
			isa = PBXGroup;
			children = (
				67719FBD42C2025CC6E7F353 /* Pods-KHCleanTableViewController.debug.xcconfig */,
				8209205EC5E0D2A49FA6C1C5 /* Pods-KHCleanTableViewController.release.xcconfig */,
			);
			name = Pods;
			sourceTree = "<group>";
		};
/* End PBXGroup section */

/* Begin PBXNativeTarget section */
		B485BD0919DD473200429F62 /* KHCleanTableViewController */ = {
			isa = PBXNativeTarget;
			buildConfigurationList = B485BD2D19DD473200429F62 /* Build configuration list for PBXNativeTarget "KHCleanTableViewController" */;
			buildPhases = (
				F48835DB4F711FFACAFEB21D /* Check Pods Manifest.lock */,
				B485BD0619DD473200429F62 /* Sources */,
				B485BD0719DD473200429F62 /* Frameworks */,
				B485BD0819DD473200429F62 /* Resources */,
				884A9075C0C85A91D6B9D7AE /* Copy Pods Resources */,
			);
			buildRules = (
			);
			dependencies = (
			);
			name = KHCleanTableViewController;
			productName = KHCleanTableViewController;
			productReference = B485BD0A19DD473200429F62 /* KHCleanTableViewController.app */;
			productType = "com.apple.product-type.application";
		};
		B485BD2219DD473200429F62 /* KHCleanTableViewControllerTests */ = {
			isa = PBXNativeTarget;
			buildConfigurationList = B485BD3019DD473200429F62 /* Build configuration list for PBXNativeTarget "KHCleanTableViewControllerTests" */;
			buildPhases = (
				B485BD1F19DD473200429F62 /* Sources */,
				B485BD2019DD473200429F62 /* Frameworks */,
				B485BD2119DD473200429F62 /* Resources */,
			);
			buildRules = (
			);
			dependencies = (
				B485BD2519DD473200429F62 /* PBXTargetDependency */,
			);
			name = KHCleanTableViewControllerTests;
			productName = KHCleanTableViewControllerTests;
			productReference = B485BD2319DD473200429F62 /* KHCleanTableViewControllerTests.xctest */;
			productType = "com.apple.product-type.bundle.unit-test";
		};
/* End PBXNativeTarget section */

/* Begin PBXProject section */
		B485BD0219DD473200429F62 /* Project object */ = {
			isa = PBXProject;
			attributes = {
				LastUpgradeCheck = 0600;
				ORGANIZATIONNAME = "Triệu Khang";
				TargetAttributes = {
					B485BD0919DD473200429F62 = {
						CreatedOnToolsVersion = 6.0.1;
					};
					B485BD2219DD473200429F62 = {
						CreatedOnToolsVersion = 6.0.1;
						TestTargetID = B485BD0919DD473200429F62;
					};
				};
			};
			buildConfigurationList = B485BD0519DD473200429F62 /* Build configuration list for PBXProject "KHCleanTableViewController" */;
			compatibilityVersion = "Xcode 3.2";
			developmentRegion = English;
			hasScannedForEncodings = 0;
			knownRegions = (
				en,
				Base,
			);
			mainGroup = B485BD0119DD473200429F62;
			productRefGroup = B485BD0B19DD473200429F62 /* Products */;
			projectDirPath = "";
			projectRoot = "";
			targets = (
				B485BD0919DD473200429F62 /* KHCleanTableViewController */,
				B485BD2219DD473200429F62 /* KHCleanTableViewControllerTests */,
			);
		};
/* End PBXProject section */

/* Begin PBXResourcesBuildPhase section */
		B485BD0819DD473200429F62 /* Resources */ = {
			isa = PBXResourcesBuildPhase;
			buildActionMask = 2147483647;
			files = (
				B476D4D619DE888100AAF39E /* CustomCellA.xib in Resources */,
				B485BD1E19DD473200429F62 /* LaunchScreen.xib in Resources */,
				B485BD3419DD483B00429F62 /* ViewController.xib in Resources */,
				B4C59C8A19E06E1E001384E2 /* KHLoadMoreTableViewCell.xib in Resources */,
				B485BD1B19DD473200429F62 /* Images.xcassets in Resources */,
			);
			runOnlyForDeploymentPostprocessing = 0;
		};
		B485BD2119DD473200429F62 /* Resources */ = {
			isa = PBXResourcesBuildPhase;
			buildActionMask = 2147483647;
			files = (
			);
			runOnlyForDeploymentPostprocessing = 0;
		};
/* End PBXResourcesBuildPhase section */

/* Begin PBXShellScriptBuildPhase section */
		884A9075C0C85A91D6B9D7AE /* Copy Pods Resources */ = {
			isa = PBXShellScriptBuildPhase;
			buildActionMask = 2147483647;
			files = (
			);
			inputPaths = (
			);
			name = "Copy Pods Resources";
			outputPaths = (
			);
			runOnlyForDeploymentPostprocessing = 0;
			shellPath = /bin/sh;
			shellScript = "\"${SRCROOT}/Pods/Target Support Files/Pods-KHCleanTableViewController/Pods-KHCleanTableViewController-resources.sh\"\n";
			showEnvVarsInLog = 0;
		};
		F48835DB4F711FFACAFEB21D /* Check Pods Manifest.lock */ = {
			isa = PBXShellScriptBuildPhase;
			buildActionMask = 2147483647;
			files = (
			);
			inputPaths = (
			);
			name = "Check Pods Manifest.lock";
			outputPaths = (
			);
			runOnlyForDeploymentPostprocessing = 0;
			shellPath = /bin/sh;
			shellScript = "diff \"${PODS_ROOT}/../Podfile.lock\" \"${PODS_ROOT}/Manifest.lock\" > /dev/null\nif [[ $? != 0 ]] ; then\n    cat << EOM\nerror: The sandbox is not in sync with the Podfile.lock. Run 'pod install' or update your CocoaPods installation.\nEOM\n    exit 1\nfi\n";
			showEnvVarsInLog = 0;
		};
/* End PBXShellScriptBuildPhase section */

/* Begin PBXSourcesBuildPhase section */
		B485BD0619DD473200429F62 /* Sources */ = {
			isa = PBXSourcesBuildPhase;
			buildActionMask = 2147483647;
			files = (
				B476D4DA19DE910900AAF39E /* KHImageSectionModel.m in Sources */,
				B485BD3B19DD49D700429F62 /* TableController.m in Sources */,
				B4C59C8919E06E1E001384E2 /* KHLoadMoreTableViewCell.m in Sources */,
				B485BD1619DD473200429F62 /* ViewController.m in Sources */,
				B476D4D119DE620B00AAF39E /* CellFactory1.m in Sources */,
				B485BD1319DD473200429F62 /* AppDelegate.m in Sources */,
				B476D4D419DE886D00AAF39E /* CustomCellA.m in Sources */,
				B485BD4319DD4E4500429F62 /* BasicTableViewModel.m in Sources */,
				B485BD1019DD473200429F62 /* main.m in Sources */,
				B485BD4619DD657E00429F62 /* KHBasicSectionModel.m in Sources */,
				B4C59C8519E06839001384E2 /* KHLoadMoreSection.m in Sources */,
			);
			runOnlyForDeploymentPostprocessing = 0;
		};
		B485BD1F19DD473200429F62 /* Sources */ = {
			isa = PBXSourcesBuildPhase;
			buildActionMask = 2147483647;
			files = (
				B485BD2A19DD473200429F62 /* KHCleanTableViewControllerTests.m in Sources */,
			);
			runOnlyForDeploymentPostprocessing = 0;
		};
/* End PBXSourcesBuildPhase section */

/* Begin PBXTargetDependency section */
		B485BD2519DD473200429F62 /* PBXTargetDependency */ = {
			isa = PBXTargetDependency;
			target = B485BD0919DD473200429F62 /* KHCleanTableViewController */;
			targetProxy = B485BD2419DD473200429F62 /* PBXContainerItemProxy */;
		};
/* End PBXTargetDependency section */

/* Begin PBXVariantGroup section */
		B485BD1C19DD473200429F62 /* LaunchScreen.xib */ = {
			isa = PBXVariantGroup;
			children = (
				B485BD1D19DD473200429F62 /* Base */,
			);
			name = LaunchScreen.xib;
			sourceTree = "<group>";
		};
/* End PBXVariantGroup section */

/* Begin XCBuildConfiguration section */
		B485BD2B19DD473200429F62 /* Debug */ = {
			isa = XCBuildConfiguration;
			buildSettings = {
				ALWAYS_SEARCH_USER_PATHS = NO;
				CLANG_CXX_LANGUAGE_STANDARD = "gnu++0x";
				CLANG_CXX_LIBRARY = "libc++";
				CLANG_ENABLE_MODULES = YES;
				CLANG_ENABLE_OBJC_ARC = YES;
				CLANG_WARN_BOOL_CONVERSION = YES;
				CLANG_WARN_CONSTANT_CONVERSION = YES;
				CLANG_WARN_DIRECT_OBJC_ISA_USAGE = YES_ERROR;
				CLANG_WARN_EMPTY_BODY = YES;
				CLANG_WARN_ENUM_CONVERSION = YES;
				CLANG_WARN_INT_CONVERSION = YES;
				CLANG_WARN_OBJC_ROOT_CLASS = YES_ERROR;
				CLANG_WARN_UNREACHABLE_CODE = YES;
				CLANG_WARN__DUPLICATE_METHOD_MATCH = YES;
				"CODE_SIGN_IDENTITY[sdk=iphoneos*]" = "iPhone Developer";
				COPY_PHASE_STRIP = NO;
				ENABLE_STRICT_OBJC_MSGSEND = YES;
				GCC_C_LANGUAGE_STANDARD = gnu99;
				GCC_DYNAMIC_NO_PIC = NO;
				GCC_OPTIMIZATION_LEVEL = 0;
				GCC_PREPROCESSOR_DEFINITIONS = (
					"DEBUG=1",
					"$(inherited)",
				);
				GCC_SYMBOLS_PRIVATE_EXTERN = NO;
				GCC_WARN_64_TO_32_BIT_CONVERSION = YES;
				GCC_WARN_ABOUT_RETURN_TYPE = YES_ERROR;
				GCC_WARN_UNDECLARED_SELECTOR = YES;
				GCC_WARN_UNINITIALIZED_AUTOS = YES_AGGRESSIVE;
				GCC_WARN_UNUSED_FUNCTION = YES;
				GCC_WARN_UNUSED_VARIABLE = YES;
				IPHONEOS_DEPLOYMENT_TARGET = 8.0;
				MTL_ENABLE_DEBUG_INFO = YES;
				ONLY_ACTIVE_ARCH = YES;
				SDKROOT = iphoneos;
			};
			name = Debug;
		};
		B485BD2C19DD473200429F62 /* Release */ = {
			isa = XCBuildConfiguration;
			buildSettings = {
				ALWAYS_SEARCH_USER_PATHS = NO;
				CLANG_CXX_LANGUAGE_STANDARD = "gnu++0x";
				CLANG_CXX_LIBRARY = "libc++";
				CLANG_ENABLE_MODULES = YES;
				CLANG_ENABLE_OBJC_ARC = YES;
				CLANG_WARN_BOOL_CONVERSION = YES;
				CLANG_WARN_CONSTANT_CONVERSION = YES;
				CLANG_WARN_DIRECT_OBJC_ISA_USAGE = YES_ERROR;
				CLANG_WARN_EMPTY_BODY = YES;
				CLANG_WARN_ENUM_CONVERSION = YES;
				CLANG_WARN_INT_CONVERSION = YES;
				CLANG_WARN_OBJC_ROOT_CLASS = YES_ERROR;
				CLANG_WARN_UNREACHABLE_CODE = YES;
				CLANG_WARN__DUPLICATE_METHOD_MATCH = YES;
				"CODE_SIGN_IDENTITY[sdk=iphoneos*]" = "iPhone Developer";
				COPY_PHASE_STRIP = YES;
				ENABLE_NS_ASSERTIONS = NO;
				ENABLE_STRICT_OBJC_MSGSEND = YES;
				GCC_C_LANGUAGE_STANDARD = gnu99;
				GCC_WARN_64_TO_32_BIT_CONVERSION = YES;
				GCC_WARN_ABOUT_RETURN_TYPE = YES_ERROR;
				GCC_WARN_UNDECLARED_SELECTOR = YES;
				GCC_WARN_UNINITIALIZED_AUTOS = YES_AGGRESSIVE;
				GCC_WARN_UNUSED_FUNCTION = YES;
				GCC_WARN_UNUSED_VARIABLE = YES;
				IPHONEOS_DEPLOYMENT_TARGET = 8.0;
				MTL_ENABLE_DEBUG_INFO = NO;
				SDKROOT = iphoneos;
				VALIDATE_PRODUCT = YES;
			};
			name = Release;
		};
		B485BD2E19DD473200429F62 /* Debug */ = {
			isa = XCBuildConfiguration;
			baseConfigurationReference = 67719FBD42C2025CC6E7F353 /* Pods-KHCleanTableViewController.debug.xcconfig */;
			buildSettings = {
				ASSETCATALOG_COMPILER_APPICON_NAME = AppIcon;
				INFOPLIST_FILE = KHCleanTableViewController/Info.plist;
				LD_RUNPATH_SEARCH_PATHS = "$(inherited) @executable_path/Frameworks";
				PRODUCT_NAME = "$(TARGET_NAME)";
			};
			name = Debug;
		};
		B485BD2F19DD473200429F62 /* Release */ = {
			isa = XCBuildConfiguration;
			baseConfigurationReference = 8209205EC5E0D2A49FA6C1C5 /* Pods-KHCleanTableViewController.release.xcconfig */;
			buildSettings = {
				ASSETCATALOG_COMPILER_APPICON_NAME = AppIcon;
				INFOPLIST_FILE = KHCleanTableViewController/Info.plist;
				LD_RUNPATH_SEARCH_PATHS = "$(inherited) @executable_path/Frameworks";
				PRODUCT_NAME = "$(TARGET_NAME)";
			};
			name = Release;
		};
		B485BD3119DD473200429F62 /* Debug */ = {
			isa = XCBuildConfiguration;
			buildSettings = {
				BUNDLE_LOADER = "$(TEST_HOST)";
				FRAMEWORK_SEARCH_PATHS = (
					"$(SDKROOT)/Developer/Library/Frameworks",
					"$(inherited)",
				);
				GCC_PREPROCESSOR_DEFINITIONS = (
					"DEBUG=1",
					"$(inherited)",
				);
				INFOPLIST_FILE = KHCleanTableViewControllerTests/Info.plist;
				LD_RUNPATH_SEARCH_PATHS = "$(inherited) @executable_path/Frameworks @loader_path/Frameworks";
				PRODUCT_NAME = "$(TARGET_NAME)";
				TEST_HOST = "$(BUILT_PRODUCTS_DIR)/KHCleanTableViewController.app/KHCleanTableViewController";
			};
			name = Debug;
		};
		B485BD3219DD473200429F62 /* Release */ = {
			isa = XCBuildConfiguration;
			buildSettings = {
				BUNDLE_LOADER = "$(TEST_HOST)";
				FRAMEWORK_SEARCH_PATHS = (
					"$(SDKROOT)/Developer/Library/Frameworks",
					"$(inherited)",
				);
				INFOPLIST_FILE = KHCleanTableViewControllerTests/Info.plist;
				LD_RUNPATH_SEARCH_PATHS = "$(inherited) @executable_path/Frameworks @loader_path/Frameworks";
				PRODUCT_NAME = "$(TARGET_NAME)";
				TEST_HOST = "$(BUILT_PRODUCTS_DIR)/KHCleanTableViewController.app/KHCleanTableViewController";
			};
			name = Release;
		};
/* End XCBuildConfiguration section */

/* Begin XCConfigurationList section */
		B485BD0519DD473200429F62 /* Build configuration list for PBXProject "KHCleanTableViewController" */ = {
			isa = XCConfigurationList;
			buildConfigurations = (
				B485BD2B19DD473200429F62 /* Debug */,
				B485BD2C19DD473200429F62 /* Release */,
			);
			defaultConfigurationIsVisible = 0;
			defaultConfigurationName = Release;
		};
		B485BD2D19DD473200429F62 /* Build configuration list for PBXNativeTarget "KHCleanTableViewController" */ = {
			isa = XCConfigurationList;
			buildConfigurations = (
				B485BD2E19DD473200429F62 /* Debug */,
				B485BD2F19DD473200429F62 /* Release */,
			);
			defaultConfigurationIsVisible = 0;
			defaultConfigurationName = Release;
		};
		B485BD3019DD473200429F62 /* Build configuration list for PBXNativeTarget "KHCleanTableViewControllerTests" */ = {
			isa = XCConfigurationList;
			buildConfigurations = (
				B485BD3119DD473200429F62 /* Debug */,
				B485BD3219DD473200429F62 /* Release */,
			);
			defaultConfigurationIsVisible = 0;
			defaultConfigurationName = Release;
		};
/* End XCConfigurationList section */
	};
	rootObject = B485BD0219DD473200429F62 /* Project object */;
}
